
Microsoft Visual Studio Solution File, Format Version 12.00
# Visual Studio Version 16
VisualStudioVersion = 16.0.30320.27
MinimumVisualStudioVersion = 10.0.40219.1
Project("{888888A0-9F3D-457C-B088-3A5042F75D52}") = "PythonApplication75", "PythonApplication75.pyproj", "{50F3B878-5362-4251-A19E-17E09DC0F190}"
EndProject
Global
	GlobalSection(SolutionConfigurationPlatforms) = preSolution
		Debug|Any CPU = Debug|Any CPU
		Release|Any CPU = Release|Any CPU
	EndGlobalSection
	GlobalSection(ProjectConfigurationPlatforms) = postSolution
		{50F3B878-5362-4251-A19E-17E09DC0F190}.Debug|Any CPU.ActiveCfg = Debug|Any CPU
		{50F3B878-5362-4251-A19E-17E09DC0F190}.Release|Any CPU.ActiveCfg = Release|Any CPU
	EndGlobalSection
	GlobalSection(SolutionProperties) = preSolution
		HideSolutionNode = FALSE
	EndGlobalSection
	GlobalSection(ExtensibilityGlobals) = postSolution
		SolutionGuid = {5BC37506-A2A2-4E41-9B6E-4F3DF6B50838}
	EndGlobalSection
EndGlobal
